
Microsoft Visual Studio Solution File, Format Version 12.00
# Visual Studio Version 16
VisualStudioVersion = 16.0.33801.447
MinimumVisualStudioVersion = 10.0.40219.1
Project("{9A19103F-16F7-4668-BE54-9A1E7A4F7556}") = "LakhveerBookStore", "LakhveerBookStore.csproj", "{AD476E34-0F5C-4D09-869D-8DF0C0AE6AF1}"
EndProject
Project("{FAE04EC0-301F-11D3-BF4B-00C04F79EFBC}") = "LakhveersBooks.DataAccess", "..\LakhveersBooks.DataAccess\LakhveersBooks.DataAccess.csproj", "{FBA088FE-26C8-486E-BEDB-82245CDDAFC5}"
EndProject
Project("{FAE04EC0-301F-11D3-BF4B-00C04F79EFBC}") = "LakhveersBooks.Models", "..\LakhveersBooks.Models\LakhveersBooks.Models.csproj", "{78A0C41B-A6BC-4FC6-971B-ABA60E161291}"
EndProject
Project("{FAE04EC0-301F-11D3-BF4B-00C04F79EFBC}") = "LakhveersBooks.Utility", "..\LakhveersBooks.Utility\LakhveersBooks.Utility.csproj", "{30BFB934-C5BF-4B48-AF3A-4FB14040433E}"
EndProject
Global
	GlobalSection(SolutionConfigurationPlatforms) = preSolution
		Debug|Any CPU = Debug|Any CPU
		Release|Any CPU = Release|Any CPU
	EndGlobalSection
	GlobalSection(ProjectConfigurationPlatforms) = postSolution
		{AD476E34-0F5C-4D09-869D-8DF0C0AE6AF1}.Debug|Any CPU.ActiveCfg = Debug|Any CPU
		{AD476E34-0F5C-4D09-869D-8DF0C0AE6AF1}.Debug|Any CPU.Build.0 = Debug|Any CPU
		{AD476E34-0F5C-4D09-869D-8DF0C0AE6AF1}.Release|Any CPU.ActiveCfg = Release|Any CPU
		{AD476E34-0F5C-4D09-869D-8DF0C0AE6AF1}.Release|Any CPU.Build.0 = Release|Any CPU
		{FBA088FE-26C8-486E-BEDB-82245CDDAFC5}.Debug|Any CPU.ActiveCfg = Debug|Any CPU
		{FBA088FE-26C8-486E-BEDB-82245CDDAFC5}.Debug|Any CPU.Build.0 = Debug|Any CPU
		{FBA088FE-26C8-486E-BEDB-82245CDDAFC5}.Release|Any CPU.ActiveCfg = Release|Any CPU
		{FBA088FE-26C8-486E-BEDB-82245CDDAFC5}.Release|Any CPU.Build.0 = Release|Any CPU
		{78A0C41B-A6BC-4FC6-971B-ABA60E161291}.Debug|Any CPU.ActiveCfg = Debug|Any CPU
		{78A0C41B-A6BC-4FC6-971B-ABA60E161291}.Debug|Any CPU.Build.0 = Debug|Any CPU
		{78A0C41B-A6BC-4FC6-971B-ABA60E161291}.Release|Any CPU.ActiveCfg = Release|Any CPU
		{78A0C41B-A6BC-4FC6-971B-ABA60E161291}.Release|Any CPU.Build.0 = Release|Any CPU
		{30BFB934-C5BF-4B48-AF3A-4FB14040433E}.Debug|Any CPU.ActiveCfg = Debug|Any CPU
		{30BFB934-C5BF-4B48-AF3A-4FB14040433E}.Debug|Any CPU.Build.0 = Debug|Any CPU
		{30BFB934-C5BF-4B48-AF3A-4FB14040433E}.Release|Any CPU.ActiveCfg = Release|Any CPU
		{30BFB934-C5BF-4B48-AF3A-4FB14040433E}.Release|Any CPU.Build.0 = Release|Any CPU
	EndGlobalSection
	GlobalSection(SolutionProperties) = preSolution
		HideSolutionNode = FALSE
	EndGlobalSection
	GlobalSection(ExtensibilityGlobals) = postSolution
		SolutionGuid = {5C530669-2444-4188-A486-758F83457673}
	EndGlobalSection
EndGlobal
